
Microsoft Visual Studio Solution File, Format Version 12.00
# Visual Studio Version 17
VisualStudioVersion = 17.3.32929.385
MinimumVisualStudioVersion = 10.0.40219.1
Project("{9A19103F-16F7-4668-BE54-9A1E7A4F7556}") = "NetMentor", "NetMentor.csproj", "{DFB48D81-4EB4-4295-9E35-3EDCFCE0887E}"
EndProject
Global
	GlobalSection(SolutionConfigurationPlatforms) = preSolution
		Debug|Any CPU = Debug|Any CPU
		Release|Any CPU = Release|Any CPU
	EndGlobalSection
	GlobalSection(ProjectConfigurationPlatforms) = postSolution
		{DFB48D81-4EB4-4295-9E35-3EDCFCE0887E}.Debug|Any CPU.ActiveCfg = Debug|Any CPU
		{DFB48D81-4EB4-4295-9E35-3EDCFCE0887E}.Debug|Any CPU.Build.0 = Debug|Any CPU
		{DFB48D81-4EB4-4295-9E35-3EDCFCE0887E}.Release|Any CPU.ActiveCfg = Release|Any CPU
		{DFB48D81-4EB4-4295-9E35-3EDCFCE0887E}.Release|Any CPU.Build.0 = Release|Any CPU
	EndGlobalSection
	GlobalSection(SolutionProperties) = preSolution
		HideSolutionNode = FALSE
	EndGlobalSection
	GlobalSection(ExtensibilityGlobals) = postSolution
		SolutionGuid = {F6CEE59F-75F2-4F24-96C9-E6B791E639D9}
	EndGlobalSection
EndGlobal
